// !$*UTF8*$!
{
	archiveVersion = 1;
	classes = {
	};
	objectVersion = 46;
	objects = {

/* Begin PBXBuildFile section */
		CD95863A1E8A2E5D00A48859 /* main.m in Sources */ = {isa = PBXBuildFile; fileRef = CD9586391E8A2E5D00A48859 /* main.m */; };
		CD95863D1E8A2E5D00A48859 /* AppDelegate.m in Sources */ = {isa = PBXBuildFile; fileRef = CD95863C1E8A2E5D00A48859 /* AppDelegate.m */; };
		CD95863F1E8A2E5D00A48859 /* art.scnassets in Resources */ = {isa = PBXBuildFile; fileRef = CD95863E1E8A2E5D00A48859 /* art.scnassets */; };
		CD9586421E8A2E5D00A48859 /* GameViewController.m in Sources */ = {isa = PBXBuildFile; fileRef = CD9586411E8A2E5D00A48859 /* GameViewController.m */; };
		CD9586451E8A2E5D00A48859 /* Main.storyboard in Resources */ = {isa = PBXBuildFile; fileRef = CD9586431E8A2E5D00A48859 /* Main.storyboard */; };
		CD9586471E8A2E5D00A48859 /* Assets.xcassets in Resources */ = {isa = PBXBuildFile; fileRef = CD9586461E8A2E5D00A48859 /* Assets.xcassets */; };
		CD95864A1E8A2E5D00A48859 /* LaunchScreen.storyboard in Resources */ = {isa = PBXBuildFile; fileRef = CD9586481E8A2E5D00A48859 /* LaunchScreen.storyboard */; };
		CD9586531E8A350300A48859 /* GeometryViewController.m in Sources */ = {isa = PBXBuildFile; fileRef = CD9586521E8A350300A48859 /* GeometryViewController.m */; };
		CD9586561E8A4BDE00A48859 /* Atoms.m in Sources */ = {isa = PBXBuildFile; fileRef = CD9586551E8A4BDE00A48859 /* Atoms.m */; };
		CD9586591E8A6E7C00A48859 /* Molecules.m in Sources */ = {isa = PBXBuildFile; fileRef = CD9586581E8A6E7C00A48859 /* Molecules.m */; };
/* End PBXBuildFile section */

/* Begin PBXFileReference section */
		CD9586351E8A2E5D00A48859 /* 3dTutorial.app */ = {isa = PBXFileReference; explicitFileType = wrapper.application; includeInIndex = 0; path = 3dTutorial.app; sourceTree = BUILT_PRODUCTS_DIR; };
		CD9586391E8A2E5D00A48859 /* main.m */ = {isa = PBXFileReference; lastKnownFileType = sourcecode.c.objc; path = main.m; sourceTree = "<group>"; };
		CD95863B1E8A2E5D00A48859 /* AppDelegate.h */ = {isa = PBXFileReference; lastKnownFileType = sourcecode.c.h; path = AppDelegate.h; sourceTree = "<group>"; };
		CD95863C1E8A2E5D00A48859 /* AppDelegate.m */ = {isa = PBXFileReference; lastKnownFileType = sourcecode.c.objc; path = AppDelegate.m; sourceTree = "<group>"; };
		CD95863E1E8A2E5D00A48859 /* art.scnassets */ = {isa = PBXFileReference; lastKnownFileType = wrapper.scnassets; path = art.scnassets; sourceTree = "<group>"; };
		CD9586401E8A2E5D00A48859 /* GameViewController.h */ = {isa = PBXFileReference; lastKnownFileType = sourcecode.c.h; path = GameViewController.h; sourceTree = "<group>"; };
		CD9586411E8A2E5D00A48859 /* GameViewController.m */ = {isa = PBXFileReference; lastKnownFileType = sourcecode.c.objc; path = GameViewController.m; sourceTree = "<group>"; };
		CD9586441E8A2E5D00A48859 /* Base */ = {isa = PBXFileReference; lastKnownFileType = file.storyboard; name = Base; path = Base.lproj/Main.storyboard; sourceTree = "<group>"; };
		CD9586461E8A2E5D00A48859 /* Assets.xcassets */ = {isa = PBXFileReference; lastKnownFileType = folder.assetcatalog; path = Assets.xcassets; sourceTree = "<group>"; };
		CD9586491E8A2E5D00A48859 /* Base */ = {isa = PBXFileReference; lastKnownFileType = file.storyboard; name = Base; path = Base.lproj/LaunchScreen.storyboard; sourceTree = "<group>"; };
		CD95864B1E8A2E5D00A48859 /* Info.plist */ = {isa = PBXFileReference; lastKnownFileType = text.plist.xml; path = Info.plist; sourceTree = "<group>"; };
		CD9586511E8A350300A48859 /* GeometryViewController.h */ = {isa = PBXFileReference; fileEncoding = 4; lastKnownFileType = sourcecode.c.h; path = GeometryViewController.h; sourceTree = "<group>"; };
		CD9586521E8A350300A48859 /* GeometryViewController.m */ = {isa = PBXFileReference; fileEncoding = 4; lastKnownFileType = sourcecode.c.objc; path = GeometryViewController.m; sourceTree = "<group>"; };
		CD9586541E8A4BDE00A48859 /* Atoms.h */ = {isa = PBXFileReference; fileEncoding = 4; lastKnownFileType = sourcecode.c.h; path = Atoms.h; sourceTree = "<group>"; };
		CD9586551E8A4BDE00A48859 /* Atoms.m */ = {isa = PBXFileReference; fileEncoding = 4; lastKnownFileType = sourcecode.c.objc; path = Atoms.m; sourceTree = "<group>"; };
		CD9586571E8A6E7C00A48859 /* Molecules.h */ = {isa = PBXFileReference; fileEncoding = 4; lastKnownFileType = sourcecode.c.h; path = Molecules.h; sourceTree = "<group>"; };
		CD9586581E8A6E7C00A48859 /* Molecules.m */ = {isa = PBXFileReference; fileEncoding = 4; lastKnownFileType = sourcecode.c.objc; path = Molecules.m; sourceTree = "<group>"; };
/* End PBXFileReference section */

/* Begin PBXFrameworksBuildPhase section */
		CD9586321E8A2E5D00A48859 /* Frameworks */ = {
			isa = PBXFrameworksBuildPhase;
			buildActionMask = 2147483647;
			files = (
			);
			runOnlyForDeploymentPostprocessing = 0;
		};
/* End PBXFrameworksBuildPhase section */

/* Begin PBXGroup section */
		CD95862C1E8A2E5D00A48859 = {
			isa = PBXGroup;
			children = (
				CD9586371E8A2E5D00A48859 /* 3dTutorial */,
				CD9586361E8A2E5D00A48859 /* Products */,
			);
			sourceTree = "<group>";
		};
		CD9586361E8A2E5D00A48859 /* Products */ = {
			isa = PBXGroup;
			children = (
				CD9586351E8A2E5D00A48859 /* 3dTutorial.app */,
			);
			name = Products;
			sourceTree = "<group>";
		};
		CD9586371E8A2E5D00A48859 /* 3dTutorial */ = {
			isa = PBXGroup;
			children = (
				CD95863B1E8A2E5D00A48859 /* AppDelegate.h */,
				CD95863C1E8A2E5D00A48859 /* AppDelegate.m */,
				CD95863E1E8A2E5D00A48859 /* art.scnassets */,
				CD9586401E8A2E5D00A48859 /* GameViewController.h */,
				CD9586411E8A2E5D00A48859 /* GameViewController.m */,
				CD9586431E8A2E5D00A48859 /* Main.storyboard */,
				CD9586461E8A2E5D00A48859 /* Assets.xcassets */,
				CD9586481E8A2E5D00A48859 /* LaunchScreen.storyboard */,
				CD95864B1E8A2E5D00A48859 /* Info.plist */,
				CD9586381E8A2E5D00A48859 /* Supporting Files */,
				CD9586511E8A350300A48859 /* GeometryViewController.h */,
				CD9586521E8A350300A48859 /* GeometryViewController.m */,
				CD9586541E8A4BDE00A48859 /* Atoms.h */,
				CD9586551E8A4BDE00A48859 /* Atoms.m */,
				CD9586571E8A6E7C00A48859 /* Molecules.h */,
				CD9586581E8A6E7C00A48859 /* Molecules.m */,
			);
			path = 3dTutorial;
			sourceTree = "<group>";
		};
		CD9586381E8A2E5D00A48859 /* Supporting Files */ = {
			isa = PBXGroup;
			children = (
				CD9586391E8A2E5D00A48859 /* main.m */,
			);
			name = "Supporting Files";
			sourceTree = "<group>";
		};
/* End PBXGroup section */

/* Begin PBXNativeTarget section */
		CD9586341E8A2E5D00A48859 /* 3dTutorial */ = {
			isa = PBXNativeTarget;
			buildConfigurationList = CD95864E1E8A2E5D00A48859 /* Build configuration list for PBXNativeTarget "3dTutorial" */;
			buildPhases = (
				CD9586311E8A2E5D00A48859 /* Sources */,
				CD9586321E8A2E5D00A48859 /* Frameworks */,
				CD9586331E8A2E5D00A48859 /* Resources */,
			);
			buildRules = (
			);
			dependencies = (
			);
			name = 3dTutorial;
			productName = 3dTutorial;
			productReference = CD9586351E8A2E5D00A48859 /* 3dTutorial.app */;
			productType = "com.apple.product-type.application";
		};
/* End PBXNativeTarget section */

/* Begin PBXProject section */
		CD95862D1E8A2E5D00A48859 /* Project object */ = {
			isa = PBXProject;
			attributes = {
				LastUpgradeCheck = 0820;
				ORGANIZATIONNAME = mTeam;
				TargetAttributes = {
					CD9586341E8A2E5D00A48859 = {
						CreatedOnToolsVersion = 8.2.1;
						ProvisioningStyle = Automatic;
					};
				};
			};
			buildConfigurationList = CD9586301E8A2E5D00A48859 /* Build configuration list for PBXProject "3dTutorial" */;
			compatibilityVersion = "Xcode 3.2";
			developmentRegion = English;
			hasScannedForEncodings = 0;
			knownRegions = (
				en,
				Base,
			);
			mainGroup = CD95862C1E8A2E5D00A48859;
			productRefGroup = CD9586361E8A2E5D00A48859 /* Products */;
			projectDirPath = "";
			projectRoot = "";
			targets = (
				CD9586341E8A2E5D00A48859 /* 3dTutorial */,
			);
		};
/* End PBXProject section */

/* Begin PBXResourcesBuildPhase section */
		CD9586331E8A2E5D00A48859 /* Resources */ = {
			isa = PBXResourcesBuildPhase;
			buildActionMask = 2147483647;
			files = (
				CD95863F1E8A2E5D00A48859 /* art.scnassets in Resources */,
				CD95864A1E8A2E5D00A48859 /* LaunchScreen.storyboard in Resources */,
				CD9586471E8A2E5D00A48859 /* Assets.xcassets in Resources */,
				CD9586451E8A2E5D00A48859 /* Main.storyboard in Resources */,
			);
			runOnlyForDeploymentPostprocessing = 0;
		};
/* End PBXResourcesBuildPhase section */

/* Begin PBXSourcesBuildPhase section */
		CD9586311E8A2E5D00A48859 /* Sources */ = {
			isa = PBXSourcesBuildPhase;
			buildActionMask = 2147483647;
			files = (
				CD95863D1E8A2E5D00A48859 /* AppDelegate.m in Sources */,
				CD9586421E8A2E5D00A48859 /* GameViewController.m in Sources */,
				CD9586531E8A350300A48859 /* GeometryViewController.m in Sources */,
				CD9586591E8A6E7C00A48859 /* Molecules.m in Sources */,
				CD95863A1E8A2E5D00A48859 /* main.m in Sources */,
				CD9586561E8A4BDE00A48859 /* Atoms.m in Sources */,
			);
			runOnlyForDeploymentPostprocessing = 0;
		};
/* End PBXSourcesBuildPhase section */

/* Begin PBXVariantGroup section */
		CD9586431E8A2E5D00A48859 /* Main.storyboard */ = {
			isa = PBXVariantGroup;
			children = (
				CD9586441E8A2E5D00A48859 /* Base */,
			);
			name = Main.storyboard;
			sourceTree = "<group>";
		};
		CD9586481E8A2E5D00A48859 /* LaunchScreen.storyboard */ = {
			isa = PBXVariantGroup;
			children = (
				CD9586491E8A2E5D00A48859 /* Base */,
			);
			name = LaunchScreen.storyboard;
			sourceTree = "<group>";
		};
/* End PBXVariantGroup section */

/* Begin XCBuildConfiguration section */
		CD95864C1E8A2E5D00A48859 /* Debug */ = {
			isa = XCBuildConfiguration;
			buildSettings = {
				ALWAYS_SEARCH_USER_PATHS = NO;
				CLANG_ANALYZER_NONNULL = YES;
				CLANG_CXX_LANGUAGE_STANDARD = "gnu++0x";
				CLANG_CXX_LIBRARY = "libc++";
				CLANG_ENABLE_MODULES = YES;
				CLANG_ENABLE_OBJC_ARC = YES;
				CLANG_WARN_BOOL_CONVERSION = YES;
				CLANG_WARN_CONSTANT_CONVERSION = YES;
				CLANG_WARN_DIRECT_OBJC_ISA_USAGE = YES_ERROR;
				CLANG_WARN_DOCUMENTATION_COMMENTS = YES;
				CLANG_WARN_EMPTY_BODY = YES;
				CLANG_WARN_ENUM_CONVERSION = YES;
				CLANG_WARN_INFINITE_RECURSION = YES;
				CLANG_WARN_INT_CONVERSION = YES;
				CLANG_WARN_OBJC_ROOT_CLASS = YES_ERROR;
				CLANG_WARN_SUSPICIOUS_MOVE = YES;
				CLANG_WARN_UNREACHABLE_CODE = YES;
				CLANG_WARN__DUPLICATE_METHOD_MATCH = YES;
				"CODE_SIGN_IDENTITY[sdk=iphoneos*]" = "iPhone Developer";
				COPY_PHASE_STRIP = NO;
				DEBUG_INFORMATION_FORMAT = dwarf;
				ENABLE_STRICT_OBJC_MSGSEND = YES;
				ENABLE_TESTABILITY = YES;
				GCC_C_LANGUAGE_STANDARD = gnu99;
				GCC_DYNAMIC_NO_PIC = NO;
				GCC_NO_COMMON_BLOCKS = YES;
				GCC_OPTIMIZATION_LEVEL = 0;
				GCC_PREPROCESSOR_DEFINITIONS = (
					"DEBUG=1",
					"$(inherited)",
				);
				GCC_WARN_64_TO_32_BIT_CONVERSION = YES;
				GCC_WARN_ABOUT_RETURN_TYPE = YES_ERROR;
				GCC_WARN_UNDECLARED_SELECTOR = YES;
				GCC_WARN_UNINITIALIZED_AUTOS = YES_AGGRESSIVE;
				GCC_WARN_UNUSED_FUNCTION = YES;
				GCC_WARN_UNUSED_VARIABLE = YES;
				IPHONEOS_DEPLOYMENT_TARGET = 10.2;
				MTL_ENABLE_DEBUG_INFO = YES;
				ONLY_ACTIVE_ARCH = YES;
				SDKROOT = iphoneos;
			};
			name = Debug;
		};
		CD95864D1E8A2E5D00A48859 /* Release */ = {
			isa = XCBuildConfiguration;
			buildSettings = {
				ALWAYS_SEARCH_USER_PATHS = NO;
				CLANG_ANALYZER_NONNULL = YES;
				CLANG_CXX_LANGUAGE_STANDARD = "gnu++0x";
				CLANG_CXX_LIBRARY = "libc++";
				CLANG_ENABLE_MODULES = YES;
				CLANG_ENABLE_OBJC_ARC = YES;
				CLANG_WARN_BOOL_CONVERSION = YES;
				CLANG_WARN_CONSTANT_CONVERSION = YES;
				CLANG_WARN_DIRECT_OBJC_ISA_USAGE = YES_ERROR;
				CLANG_WARN_DOCUMENTATION_COMMENTS = YES;
				CLANG_WARN_EMPTY_BODY = YES;
				CLANG_WARN_ENUM_CONVERSION = YES;
				CLANG_WARN_INFINITE_RECURSION = YES;
				CLANG_WARN_INT_CONVERSION = YES;
				CLANG_WARN_OBJC_ROOT_CLASS = YES_ERROR;
				CLANG_WARN_SUSPICIOUS_MOVE = YES;
				CLANG_WARN_UNREACHABLE_CODE = YES;
				CLANG_WARN__DUPLICATE_METHOD_MATCH = YES;
				"CODE_SIGN_IDENTITY[sdk=iphoneos*]" = "iPhone Developer";
				COPY_PHASE_STRIP = NO;
				DEBUG_INFORMATION_FORMAT = "dwarf-with-dsym";
				ENABLE_NS_ASSERTIONS = NO;
				ENABLE_STRICT_OBJC_MSGSEND = YES;
				GCC_C_LANGUAGE_STANDARD = gnu99;
				GCC_NO_COMMON_BLOCKS = YES;
				GCC_WARN_64_TO_32_BIT_CONVERSION = YES;
				GCC_WARN_ABOUT_RETURN_TYPE = YES_ERROR;
				GCC_WARN_UNDECLARED_SELECTOR = YES;
				GCC_WARN_UNINITIALIZED_AUTOS = YES_AGGRESSIVE;
				GCC_WARN_UNUSED_FUNCTION = YES;
				GCC_WARN_UNUSED_VARIABLE = YES;
				IPHONEOS_DEPLOYMENT_TARGET = 10.2;
				MTL_ENABLE_DEBUG_INFO = NO;
				SDKROOT = iphoneos;
				VALIDATE_PRODUCT = YES;
			};
			name = Release;
		};
		CD95864F1E8A2E5D00A48859 /* Debug */ = {
			isa = XCBuildConfiguration;
			buildSettings = {
				ASSETCATALOG_COMPILER_APPICON_NAME = AppIcon;
				INFOPLIST_FILE = 3dTutorial/Info.plist;
				LD_RUNPATH_SEARCH_PATHS = "$(inherited) @executable_path/Frameworks";
				PRODUCT_BUNDLE_IDENTIFIER = "com.example.ios.-dTutorial";
				PRODUCT_NAME = "$(TARGET_NAME)";
			};
			name = Debug;
		};
		CD9586501E8A2E5D00A48859 /* Release */ = {
			isa = XCBuildConfiguration;
			buildSettings = {
				ASSETCATALOG_COMPILER_APPICON_NAME = AppIcon;
				INFOPLIST_FILE = 3dTutorial/Info.plist;
				LD_RUNPATH_SEARCH_PATHS = "$(inherited) @executable_path/Frameworks";
				PRODUCT_BUNDLE_IDENTIFIER = "com.example.ios.-dTutorial";
				PRODUCT_NAME = "$(TARGET_NAME)";
			};
			name = Release;
		};
/* End XCBuildConfiguration section */

/* Begin XCConfigurationList section */
		CD9586301E8A2E5D00A48859 /* Build configuration list for PBXProject "3dTutorial" */ = {
			isa = XCConfigurationList;
			buildConfigurations = (
				CD95864C1E8A2E5D00A48859 /* Debug */,
				CD95864D1E8A2E5D00A48859 /* Release */,
			);
			defaultConfigurationIsVisible = 0;
			defaultConfigurationName = Release;
		};
		CD95864E1E8A2E5D00A48859 /* Build configuration list for PBXNativeTarget "3dTutorial" */ = {
			isa = XCConfigurationList;
			buildConfigurations = (
				CD95864F1E8A2E5D00A48859 /* Debug */,
				CD9586501E8A2E5D00A48859 /* Release */,
			);
			defaultConfigurationIsVisible = 0;
			defaultConfigurationName = Release;
		};
/* End XCConfigurationList section */
	};
	rootObject = CD95862D1E8A2E5D00A48859 /* Project object */;
}
